
Microsoft Visual Studio Solution File, Format Version 12.00
# Visual Studio Version 17
VisualStudioVersion = 17.9.34622.214
MinimumVisualStudioVersion = 10.0.40219.1
Project("{9A19103F-16F7-4668-BE54-9A1E7A4F7556}") = "LimaLectora", "LimaLectora\LimaLectora.csproj", "{DEE2C34E-3D7A-41D4-873B-DC6F2EB30DA0}"
EndProject
Project("{FAE04EC0-301F-11D3-BF4B-00C04F79EFBC}") = "LimaLectora.DAL", "LimaLectora.DAL\LimaLectora.DAL.csproj", "{77D6A802-25B5-4138-98D6-5F72E559AC4A}"
EndProject
Project("{FAE04EC0-301F-11D3-BF4B-00C04F79EFBC}") = "LimaLectora.BLL", "LimaLectora.BLL\LimaLectora.BLL.csproj", "{4E715A3C-57FF-45EB-9994-6821A51A30D1}"
EndProject
Project("{FAE04EC0-301F-11D3-BF4B-00C04F79EFBC}") = "LimaLectora.Model", "LimaLectora.Model\LimaLectora.Model.csproj", "{CB372CBE-BD24-4516-8636-8AAE98F14793}"
EndProject
Project("{FAE04EC0-301F-11D3-BF4B-00C04F79EFBC}") = "LimaLectora.IOC", "LimaLectora.IOC\LimaLectora.IOC.csproj", "{9A8C8B6E-2634-423F-A6A9-92FD9A8CC714}"
EndProject
Project("{FAE04EC0-301F-11D3-BF4B-00C04F79EFBC}") = "LimaLectora.DTO", "LimaLectora.DTO\LimaLectora.DTO.csproj", "{DAB395B8-3EC4-4BD0-BF15-3234F6437618}"
EndProject
Project("{FAE04EC0-301F-11D3-BF4B-00C04F79EFBC}") = "LimaLectora.Utility", "LimaLectora.Utility\LimaLectora.Utility.csproj", "{05335CB2-5B24-4F3C-8F79-212CF68749F7}"
EndProject
Global
	GlobalSection(SolutionConfigurationPlatforms) = preSolution
		Debug|Any CPU = Debug|Any CPU
		Release|Any CPU = Release|Any CPU
	EndGlobalSection
	GlobalSection(ProjectConfigurationPlatforms) = postSolution
		{DEE2C34E-3D7A-41D4-873B-DC6F2EB30DA0}.Debug|Any CPU.ActiveCfg = Debug|Any CPU
		{DEE2C34E-3D7A-41D4-873B-DC6F2EB30DA0}.Debug|Any CPU.Build.0 = Debug|Any CPU
		{DEE2C34E-3D7A-41D4-873B-DC6F2EB30DA0}.Release|Any CPU.ActiveCfg = Release|Any CPU
		{DEE2C34E-3D7A-41D4-873B-DC6F2EB30DA0}.Release|Any CPU.Build.0 = Release|Any CPU
		{77D6A802-25B5-4138-98D6-5F72E559AC4A}.Debug|Any CPU.ActiveCfg = Debug|Any CPU
		{77D6A802-25B5-4138-98D6-5F72E559AC4A}.Debug|Any CPU.Build.0 = Debug|Any CPU
		{77D6A802-25B5-4138-98D6-5F72E559AC4A}.Release|Any CPU.ActiveCfg = Release|Any CPU
		{77D6A802-25B5-4138-98D6-5F72E559AC4A}.Release|Any CPU.Build.0 = Release|Any CPU
		{4E715A3C-57FF-45EB-9994-6821A51A30D1}.Debug|Any CPU.ActiveCfg = Debug|Any CPU
		{4E715A3C-57FF-45EB-9994-6821A51A30D1}.Debug|Any CPU.Build.0 = Debug|Any CPU
		{4E715A3C-57FF-45EB-9994-6821A51A30D1}.Release|Any CPU.ActiveCfg = Release|Any CPU
		{4E715A3C-57FF-45EB-9994-6821A51A30D1}.Release|Any CPU.Build.0 = Release|Any CPU
		{CB372CBE-BD24-4516-8636-8AAE98F14793}.Debug|Any CPU.ActiveCfg = Debug|Any CPU
		{CB372CBE-BD24-4516-8636-8AAE98F14793}.Debug|Any CPU.Build.0 = Debug|Any CPU
		{CB372CBE-BD24-4516-8636-8AAE98F14793}.Release|Any CPU.ActiveCfg = Release|Any CPU
		{CB372CBE-BD24-4516-8636-8AAE98F14793}.Release|Any CPU.Build.0 = Release|Any CPU
		{9A8C8B6E-2634-423F-A6A9-92FD9A8CC714}.Debug|Any CPU.ActiveCfg = Debug|Any CPU
		{9A8C8B6E-2634-423F-A6A9-92FD9A8CC714}.Debug|Any CPU.Build.0 = Debug|Any CPU
		{9A8C8B6E-2634-423F-A6A9-92FD9A8CC714}.Release|Any CPU.ActiveCfg = Release|Any CPU
		{9A8C8B6E-2634-423F-A6A9-92FD9A8CC714}.Release|Any CPU.Build.0 = Release|Any CPU
		{DAB395B8-3EC4-4BD0-BF15-3234F6437618}.Debug|Any CPU.ActiveCfg = Debug|Any CPU
		{DAB395B8-3EC4-4BD0-BF15-3234F6437618}.Debug|Any CPU.Build.0 = Debug|Any CPU
		{DAB395B8-3EC4-4BD0-BF15-3234F6437618}.Release|Any CPU.ActiveCfg = Release|Any CPU
		{DAB395B8-3EC4-4BD0-BF15-3234F6437618}.Release|Any CPU.Build.0 = Release|Any CPU
		{05335CB2-5B24-4F3C-8F79-212CF68749F7}.Debug|Any CPU.ActiveCfg = Debug|Any CPU
		{05335CB2-5B24-4F3C-8F79-212CF68749F7}.Debug|Any CPU.Build.0 = Debug|Any CPU
		{05335CB2-5B24-4F3C-8F79-212CF68749F7}.Release|Any CPU.ActiveCfg = Release|Any CPU
		{05335CB2-5B24-4F3C-8F79-212CF68749F7}.Release|Any CPU.Build.0 = Release|Any CPU
	EndGlobalSection
	GlobalSection(SolutionProperties) = preSolution
		HideSolutionNode = FALSE
	EndGlobalSection
	GlobalSection(ExtensibilityGlobals) = postSolution
		SolutionGuid = {2938E6F7-F073-4423-8C30-7EFC3F3A2680}
	EndGlobalSection
EndGlobal
